
Microsoft Visual Studio Solution File, Format Version 12.00
# Visual Studio Version 16
VisualStudioVersion = 16.0.30804.86
MinimumVisualStudioVersion = 10.0.40219.1
Project("{2150E333-8FDC-42A3-9474-1A3956D46DE8}") = "src", "src", "{ED3840D1-FE9A-4418-B3CE-E854D1F408A9}"
EndProject
Project("{2150E333-8FDC-42A3-9474-1A3956D46DE8}") = "Catalog", "Catalog", "{DA9D33DA-25F5-4B3C-A52A-604D6D00D3DD}"
EndProject
Project("{9A19103F-16F7-4668-BE54-9A1E7A4F7556}") = "Catalog.API", "src\Catalog\Catalog.API\Catalog.API.csproj", "{589FDFF1-5490-4B64-9D96-DA5C8AAB3016}"
EndProject
Project("{E53339B2-1760-4266-BCC7-CA923CBCF16C}") = "docker-compose", "docker-compose.dcproj", "{80CB0D14-9647-4BA9-80CC-6541D5DA988D}"
EndProject
Project("{2150E333-8FDC-42A3-9474-1A3956D46DE8}") = "Basket", "Basket", "{8F465725-7382-4F87-B78D-912D85C67F51}"
EndProject
Project("{9A19103F-16F7-4668-BE54-9A1E7A4F7556}") = "Basket.API", "src\Basket\Basket.API\Basket.API.csproj", "{DF56F5D9-952A-4207-A70B-DB108CB0952B}"
EndProject
Project("{2150E333-8FDC-42A3-9474-1A3956D46DE8}") = "Common", "Common", "{D7037801-C502-47A3-8A9A-A85C5B6133B0}"
EndProject
Project("{9A19103F-16F7-4668-BE54-9A1E7A4F7556}") = "EventBusRabbitMQ", "src\Common\EventBusRabbitMQ\EventBusRabbitMQ.csproj", "{4E6B74E7-39B7-46E3-855B-D44D37697DB0}"
EndProject
Project("{2150E333-8FDC-42A3-9474-1A3956D46DE8}") = "Ordering", "Ordering", "{3C18AB12-6CBB-42D8-A8B7-7AE0732C8B0E}"
EndProject
Project("{9A19103F-16F7-4668-BE54-9A1E7A4F7556}") = "Ordering.API", "src\Ordering\Ordering.API\Ordering.API.csproj", "{0E219477-8FF2-49E2-BB42-E7D0DBF91844}"
EndProject
Project("{FAE04EC0-301F-11D3-BF4B-00C04F79EFBC}") = "Ordering.Core", "src\Ordering\Ordering.Core\Ordering.Core.csproj", "{761C92E1-36D1-4D1A-B49B-477C4DE659F1}"
EndProject
Project("{FAE04EC0-301F-11D3-BF4B-00C04F79EFBC}") = "Ordering.Infrastructure", "src\Ordering\Ordering.Infrastructure\Ordering.Infrastructure.csproj", "{D88F91AC-E778-4053-B7E4-003E8D13CE45}"
EndProject
Project("{FAE04EC0-301F-11D3-BF4B-00C04F79EFBC}") = "Ordering.Application", "src\Ordering\Ordering.Application\Ordering.Application.csproj", "{627C47D0-252D-4DF1-B164-C4111B958BB1}"
EndProject
Global
	GlobalSection(SolutionConfigurationPlatforms) = preSolution
		Debug|Any CPU = Debug|Any CPU
		Release|Any CPU = Release|Any CPU
	EndGlobalSection
	GlobalSection(ProjectConfigurationPlatforms) = postSolution
		{589FDFF1-5490-4B64-9D96-DA5C8AAB3016}.Debug|Any CPU.ActiveCfg = Debug|Any CPU
		{589FDFF1-5490-4B64-9D96-DA5C8AAB3016}.Debug|Any CPU.Build.0 = Debug|Any CPU
		{589FDFF1-5490-4B64-9D96-DA5C8AAB3016}.Release|Any CPU.ActiveCfg = Release|Any CPU
		{589FDFF1-5490-4B64-9D96-DA5C8AAB3016}.Release|Any CPU.Build.0 = Release|Any CPU
		{80CB0D14-9647-4BA9-80CC-6541D5DA988D}.Debug|Any CPU.ActiveCfg = Debug|Any CPU
		{80CB0D14-9647-4BA9-80CC-6541D5DA988D}.Debug|Any CPU.Build.0 = Debug|Any CPU
		{80CB0D14-9647-4BA9-80CC-6541D5DA988D}.Release|Any CPU.ActiveCfg = Release|Any CPU
		{80CB0D14-9647-4BA9-80CC-6541D5DA988D}.Release|Any CPU.Build.0 = Release|Any CPU
		{DF56F5D9-952A-4207-A70B-DB108CB0952B}.Debug|Any CPU.ActiveCfg = Debug|Any CPU
		{DF56F5D9-952A-4207-A70B-DB108CB0952B}.Debug|Any CPU.Build.0 = Debug|Any CPU
		{DF56F5D9-952A-4207-A70B-DB108CB0952B}.Release|Any CPU.ActiveCfg = Release|Any CPU
		{DF56F5D9-952A-4207-A70B-DB108CB0952B}.Release|Any CPU.Build.0 = Release|Any CPU
		{4E6B74E7-39B7-46E3-855B-D44D37697DB0}.Debug|Any CPU.ActiveCfg = Debug|Any CPU
		{4E6B74E7-39B7-46E3-855B-D44D37697DB0}.Debug|Any CPU.Build.0 = Debug|Any CPU
		{4E6B74E7-39B7-46E3-855B-D44D37697DB0}.Release|Any CPU.ActiveCfg = Release|Any CPU
		{4E6B74E7-39B7-46E3-855B-D44D37697DB0}.Release|Any CPU.Build.0 = Release|Any CPU
		{0E219477-8FF2-49E2-BB42-E7D0DBF91844}.Debug|Any CPU.ActiveCfg = Debug|Any CPU
		{0E219477-8FF2-49E2-BB42-E7D0DBF91844}.Debug|Any CPU.Build.0 = Debug|Any CPU
		{0E219477-8FF2-49E2-BB42-E7D0DBF91844}.Release|Any CPU.ActiveCfg = Release|Any CPU
		{0E219477-8FF2-49E2-BB42-E7D0DBF91844}.Release|Any CPU.Build.0 = Release|Any CPU
		{761C92E1-36D1-4D1A-B49B-477C4DE659F1}.Debug|Any CPU.ActiveCfg = Debug|Any CPU
		{761C92E1-36D1-4D1A-B49B-477C4DE659F1}.Debug|Any CPU.Build.0 = Debug|Any CPU
		{761C92E1-36D1-4D1A-B49B-477C4DE659F1}.Release|Any CPU.ActiveCfg = Release|Any CPU
		{761C92E1-36D1-4D1A-B49B-477C4DE659F1}.Release|Any CPU.Build.0 = Release|Any CPU
		{D88F91AC-E778-4053-B7E4-003E8D13CE45}.Debug|Any CPU.ActiveCfg = Debug|Any CPU
		{D88F91AC-E778-4053-B7E4-003E8D13CE45}.Debug|Any CPU.Build.0 = Debug|Any CPU
		{D88F91AC-E778-4053-B7E4-003E8D13CE45}.Release|Any CPU.ActiveCfg = Release|Any CPU
		{D88F91AC-E778-4053-B7E4-003E8D13CE45}.Release|Any CPU.Build.0 = Release|Any CPU
		{627C47D0-252D-4DF1-B164-C4111B958BB1}.Debug|Any CPU.ActiveCfg = Debug|Any CPU
		{627C47D0-252D-4DF1-B164-C4111B958BB1}.Debug|Any CPU.Build.0 = Debug|Any CPU
		{627C47D0-252D-4DF1-B164-C4111B958BB1}.Release|Any CPU.ActiveCfg = Release|Any CPU
		{627C47D0-252D-4DF1-B164-C4111B958BB1}.Release|Any CPU.Build.0 = Release|Any CPU
	EndGlobalSection
	GlobalSection(SolutionProperties) = preSolution
		HideSolutionNode = FALSE
	EndGlobalSection
	GlobalSection(NestedProjects) = preSolution
		{DA9D33DA-25F5-4B3C-A52A-604D6D00D3DD} = {ED3840D1-FE9A-4418-B3CE-E854D1F408A9}
		{589FDFF1-5490-4B64-9D96-DA5C8AAB3016} = {DA9D33DA-25F5-4B3C-A52A-604D6D00D3DD}
		{8F465725-7382-4F87-B78D-912D85C67F51} = {ED3840D1-FE9A-4418-B3CE-E854D1F408A9}
		{DF56F5D9-952A-4207-A70B-DB108CB0952B} = {8F465725-7382-4F87-B78D-912D85C67F51}
		{D7037801-C502-47A3-8A9A-A85C5B6133B0} = {ED3840D1-FE9A-4418-B3CE-E854D1F408A9}
		{4E6B74E7-39B7-46E3-855B-D44D37697DB0} = {D7037801-C502-47A3-8A9A-A85C5B6133B0}
		{3C18AB12-6CBB-42D8-A8B7-7AE0732C8B0E} = {ED3840D1-FE9A-4418-B3CE-E854D1F408A9}
		{0E219477-8FF2-49E2-BB42-E7D0DBF91844} = {3C18AB12-6CBB-42D8-A8B7-7AE0732C8B0E}
		{761C92E1-36D1-4D1A-B49B-477C4DE659F1} = {3C18AB12-6CBB-42D8-A8B7-7AE0732C8B0E}
		{D88F91AC-E778-4053-B7E4-003E8D13CE45} = {3C18AB12-6CBB-42D8-A8B7-7AE0732C8B0E}
		{627C47D0-252D-4DF1-B164-C4111B958BB1} = {3C18AB12-6CBB-42D8-A8B7-7AE0732C8B0E}
	EndGlobalSection
	GlobalSection(ExtensibilityGlobals) = postSolution
		SolutionGuid = {F02E7DFA-6506-4D80-8250-09CA51BA6298}
	EndGlobalSection
EndGlobal
